// !$*UTF8*$!
{
	archiveVersion = 1;
	classes = {
	};
	objectVersion = 50;
	objects = {

/* Begin PBXBuildFile section */
		185F7FFC2301CF80006D5006 /* AppDelegate.swift in Sources */ = {isa = PBXBuildFile; fileRef = 185F7FFB2301CF80006D5006 /* AppDelegate.swift */; };
		185F80012301CF80006D5006 /* Main.storyboard in Resources */ = {isa = PBXBuildFile; fileRef = 185F7FFF2301CF80006D5006 /* Main.storyboard */; };
		185F80042301CF80006D5006 /* To_Do_List.xcdatamodeld in Sources */ = {isa = PBXBuildFile; fileRef = 185F80022301CF80006D5006 /* To_Do_List.xcdatamodeld */; };
		185F80062301CF84006D5006 /* Assets.xcassets in Resources */ = {isa = PBXBuildFile; fileRef = 185F80052301CF84006D5006 /* Assets.xcassets */; };
		185F80092301CF84006D5006 /* LaunchScreen.storyboard in Resources */ = {isa = PBXBuildFile; fileRef = 185F80072301CF84006D5006 /* LaunchScreen.storyboard */; };
		185F80142301CF84006D5006 /* To_Do_ListTests.swift in Sources */ = {isa = PBXBuildFile; fileRef = 185F80132301CF84006D5006 /* To_Do_ListTests.swift */; };
		185F801F2301CF84006D5006 /* To_Do_ListUITests.swift in Sources */ = {isa = PBXBuildFile; fileRef = 185F801E2301CF84006D5006 /* To_Do_ListUITests.swift */; };
		185F802D2301D2ED006D5006 /* TableViewController.swift in Sources */ = {isa = PBXBuildFile; fileRef = 185F802C2301D2ED006D5006 /* TableViewController.swift */; };
		185F802F2301D413006D5006 /* ToDo.swift in Sources */ = {isa = PBXBuildFile; fileRef = 185F802E2301D413006D5006 /* ToDo.swift */; };
/* End PBXBuildFile section */

/* Begin PBXContainerItemProxy section */
		185F80102301CF84006D5006 /* PBXContainerItemProxy */ = {
			isa = PBXContainerItemProxy;
			containerPortal = 185F7FF02301CF80006D5006 /* Project object */;
			proxyType = 1;
			remoteGlobalIDString = 185F7FF72301CF80006D5006;
			remoteInfo = "To Do List";
		};
		185F801B2301CF84006D5006 /* PBXContainerItemProxy */ = {
			isa = PBXContainerItemProxy;
			containerPortal = 185F7FF02301CF80006D5006 /* Project object */;
			proxyType = 1;
			remoteGlobalIDString = 185F7FF72301CF80006D5006;
			remoteInfo = "To Do List";
		};
/* End PBXContainerItemProxy section */

/* Begin PBXFileReference section */
		185F7FF82301CF80006D5006 /* To Do List.app */ = {isa = PBXFileReference; explicitFileType = wrapper.application; includeInIndex = 0; path = "To Do List.app"; sourceTree = BUILT_PRODUCTS_DIR; };
		185F7FFB2301CF80006D5006 /* AppDelegate.swift */ = {isa = PBXFileReference; lastKnownFileType = sourcecode.swift; path = AppDelegate.swift; sourceTree = "<group>"; };
		185F80002301CF80006D5006 /* Base */ = {isa = PBXFileReference; lastKnownFileType = file.storyboard; name = Base; path = Base.lproj/Main.storyboard; sourceTree = "<group>"; };
		185F80032301CF80006D5006 /* To_Do_List.xcdatamodel */ = {isa = PBXFileReference; lastKnownFileType = wrapper.xcdatamodel; path = To_Do_List.xcdatamodel; sourceTree = "<group>"; };
		185F80052301CF84006D5006 /* Assets.xcassets */ = {isa = PBXFileReference; lastKnownFileType = folder.assetcatalog; path = Assets.xcassets; sourceTree = "<group>"; };
		185F80082301CF84006D5006 /* Base */ = {isa = PBXFileReference; lastKnownFileType = file.storyboard; name = Base; path = Base.lproj/LaunchScreen.storyboard; sourceTree = "<group>"; };
		185F800A2301CF84006D5006 /* Info.plist */ = {isa = PBXFileReference; lastKnownFileType = text.plist.xml; path = Info.plist; sourceTree = "<group>"; };
		185F800F2301CF84006D5006 /* To Do ListTests.xctest */ = {isa = PBXFileReference; explicitFileType = wrapper.cfbundle; includeInIndex = 0; path = "To Do ListTests.xctest"; sourceTree = BUILT_PRODUCTS_DIR; };
		185F80132301CF84006D5006 /* To_Do_ListTests.swift */ = {isa = PBXFileReference; lastKnownFileType = sourcecode.swift; path = To_Do_ListTests.swift; sourceTree = "<group>"; };
		185F80152301CF84006D5006 /* Info.plist */ = {isa = PBXFileReference; lastKnownFileType = text.plist.xml; path = Info.plist; sourceTree = "<group>"; };
		185F801A2301CF84006D5006 /* To Do ListUITests.xctest */ = {isa = PBXFileReference; explicitFileType = wrapper.cfbundle; includeInIndex = 0; path = "To Do ListUITests.xctest"; sourceTree = BUILT_PRODUCTS_DIR; };
		185F801E2301CF84006D5006 /* To_Do_ListUITests.swift */ = {isa = PBXFileReference; lastKnownFileType = sourcecode.swift; path = To_Do_ListUITests.swift; sourceTree = "<group>"; };
		185F80202301CF84006D5006 /* Info.plist */ = {isa = PBXFileReference; lastKnownFileType = text.plist.xml; path = Info.plist; sourceTree = "<group>"; };
		185F802C2301D2ED006D5006 /* TableViewController.swift */ = {isa = PBXFileReference; lastKnownFileType = sourcecode.swift; path = TableViewController.swift; sourceTree = "<group>"; };
		185F802E2301D413006D5006 /* ToDo.swift */ = {isa = PBXFileReference; lastKnownFileType = sourcecode.swift; path = ToDo.swift; sourceTree = "<group>"; };
/* End PBXFileReference section */

/* Begin PBXFrameworksBuildPhase section */
		185F7FF52301CF80006D5006 /* Frameworks */ = {
			isa = PBXFrameworksBuildPhase;
			buildActionMask = 2147483647;
			files = (
			);
			runOnlyForDeploymentPostprocessing = 0;
		};
		185F800C2301CF84006D5006 /* Frameworks */ = {
			isa = PBXFrameworksBuildPhase;
			buildActionMask = 2147483647;
			files = (
			);
			runOnlyForDeploymentPostprocessing = 0;
		};
		185F80172301CF84006D5006 /* Frameworks */ = {
			isa = PBXFrameworksBuildPhase;
			buildActionMask = 2147483647;
			files = (
			);
			runOnlyForDeploymentPostprocessing = 0;
		};
/* End PBXFrameworksBuildPhase section */

/* Begin PBXGroup section */
		185F7FEF2301CF80006D5006 = {
			isa = PBXGroup;
			children = (
				185F802C2301D2ED006D5006 /* TableViewController.swift */,
				185F7FFA2301CF80006D5006 /* To Do List */,
				185F80122301CF84006D5006 /* To Do ListTests */,
				185F801D2301CF84006D5006 /* To Do ListUITests */,
				185F7FF92301CF80006D5006 /* Products */,
			);
			sourceTree = "<group>";
		};
		185F7FF92301CF80006D5006 /* Products */ = {
			isa = PBXGroup;
			children = (
				185F7FF82301CF80006D5006 /* To Do List.app */,
				185F800F2301CF84006D5006 /* To Do ListTests.xctest */,
				185F801A2301CF84006D5006 /* To Do ListUITests.xctest */,
			);
			name = Products;
			sourceTree = "<group>";
		};
		185F7FFA2301CF80006D5006 /* To Do List */ = {
			isa = PBXGroup;
			children = (
				185F7FFB2301CF80006D5006 /* AppDelegate.swift */,
				185F7FFF2301CF80006D5006 /* Main.storyboard */,
				185F802E2301D413006D5006 /* ToDo.swift */,
				185F80052301CF84006D5006 /* Assets.xcassets */,
				185F80072301CF84006D5006 /* LaunchScreen.storyboard */,
				185F800A2301CF84006D5006 /* Info.plist */,
				185F80022301CF80006D5006 /* To_Do_List.xcdatamodeld */,
			);
			path = "To Do List";
			sourceTree = "<group>";
		};
		185F80122301CF84006D5006 /* To Do ListTests */ = {
			isa = PBXGroup;
			children = (
				185F80132301CF84006D5006 /* To_Do_ListTests.swift */,
				185F80152301CF84006D5006 /* Info.plist */,
			);
			path = "To Do ListTests";
			sourceTree = "<group>";
		};
		185F801D2301CF84006D5006 /* To Do ListUITests */ = {
			isa = PBXGroup;
			children = (
				185F801E2301CF84006D5006 /* To_Do_ListUITests.swift */,
				185F80202301CF84006D5006 /* Info.plist */,
			);
			path = "To Do ListUITests";
			sourceTree = "<group>";
		};
/* End PBXGroup section */

/* Begin PBXNativeTarget section */
		185F7FF72301CF80006D5006 /* To Do List */ = {
			isa = PBXNativeTarget;
			buildConfigurationList = 185F80232301CF84006D5006 /* Build configuration list for PBXNativeTarget "To Do List" */;
			buildPhases = (
				185F7FF42301CF80006D5006 /* Sources */,
				185F7FF52301CF80006D5006 /* Frameworks */,
				185F7FF62301CF80006D5006 /* Resources */,
			);
			buildRules = (
			);
			dependencies = (
			);
			name = "To Do List";
			productName = "To Do List";
			productReference = 185F7FF82301CF80006D5006 /* To Do List.app */;
			productType = "com.apple.product-type.application";
		};
		185F800E2301CF84006D5006 /* To Do ListTests */ = {
			isa = PBXNativeTarget;
			buildConfigurationList = 185F80262301CF84006D5006 /* Build configuration list for PBXNativeTarget "To Do ListTests" */;
			buildPhases = (
				185F800B2301CF84006D5006 /* Sources */,
				185F800C2301CF84006D5006 /* Frameworks */,
				185F800D2301CF84006D5006 /* Resources */,
			);
			buildRules = (
			);
			dependencies = (
				185F80112301CF84006D5006 /* PBXTargetDependency */,
			);
			name = "To Do ListTests";
			productName = "To Do ListTests";
			productReference = 185F800F2301CF84006D5006 /* To Do ListTests.xctest */;
			productType = "com.apple.product-type.bundle.unit-test";
		};
		185F80192301CF84006D5006 /* To Do ListUITests */ = {
			isa = PBXNativeTarget;
			buildConfigurationList = 185F80292301CF84006D5006 /* Build configuration list for PBXNativeTarget "To Do ListUITests" */;
			buildPhases = (
				185F80162301CF84006D5006 /* Sources */,
				185F80172301CF84006D5006 /* Frameworks */,
				185F80182301CF84006D5006 /* Resources */,
			);
			buildRules = (
			);
			dependencies = (
				185F801C2301CF84006D5006 /* PBXTargetDependency */,
			);
			name = "To Do ListUITests";
			productName = "To Do ListUITests";
			productReference = 185F801A2301CF84006D5006 /* To Do ListUITests.xctest */;
			productType = "com.apple.product-type.bundle.ui-testing";
		};
/* End PBXNativeTarget section */

/* Begin PBXProject section */
		185F7FF02301CF80006D5006 /* Project object */ = {
			isa = PBXProject;
			attributes = {
				LastSwiftUpdateCheck = 1020;
				LastUpgradeCheck = 1020;
				ORGANIZATIONNAME = Apple;
				TargetAttributes = {
					185F7FF72301CF80006D5006 = {
						CreatedOnToolsVersion = 10.2.1;
					};
					185F800E2301CF84006D5006 = {
						CreatedOnToolsVersion = 10.2.1;
						TestTargetID = 185F7FF72301CF80006D5006;
					};
					185F80192301CF84006D5006 = {
						CreatedOnToolsVersion = 10.2.1;
						TestTargetID = 185F7FF72301CF80006D5006;
					};
				};
			};
			buildConfigurationList = 185F7FF32301CF80006D5006 /* Build configuration list for PBXProject "To Do List" */;
			compatibilityVersion = "Xcode 9.3";
			developmentRegion = en;
			hasScannedForEncodings = 0;
			knownRegions = (
				en,
				Base,
			);
			mainGroup = 185F7FEF2301CF80006D5006;
			productRefGroup = 185F7FF92301CF80006D5006 /* Products */;
			projectDirPath = "";
			projectRoot = "";
			targets = (
				185F7FF72301CF80006D5006 /* To Do List */,
				185F800E2301CF84006D5006 /* To Do ListTests */,
				185F80192301CF84006D5006 /* To Do ListUITests */,
			);
		};
/* End PBXProject section */

/* Begin PBXResourcesBuildPhase section */
		185F7FF62301CF80006D5006 /* Resources */ = {
			isa = PBXResourcesBuildPhase;
			buildActionMask = 2147483647;
			files = (
				185F80092301CF84006D5006 /* LaunchScreen.storyboard in Resources */,
				185F80062301CF84006D5006 /* Assets.xcassets in Resources */,
				185F80012301CF80006D5006 /* Main.storyboard in Resources */,
			);
			runOnlyForDeploymentPostprocessing = 0;
		};
		185F800D2301CF84006D5006 /* Resources */ = {
			isa = PBXResourcesBuildPhase;
			buildActionMask = 2147483647;
			files = (
			);
			runOnlyForDeploymentPostprocessing = 0;
		};
		185F80182301CF84006D5006 /* Resources */ = {
			isa = PBXResourcesBuildPhase;
			buildActionMask = 2147483647;
			files = (
			);
			runOnlyForDeploymentPostprocessing = 0;
		};
/* End PBXResourcesBuildPhase section */

/* Begin PBXSourcesBuildPhase section */
		185F7FF42301CF80006D5006 /* Sources */ = {
			isa = PBXSourcesBuildPhase;
			buildActionMask = 2147483647;
			files = (
				185F80042301CF80006D5006 /* To_Do_List.xcdatamodeld in Sources */,
				185F802D2301D2ED006D5006 /* TableViewController.swift in Sources */,
				185F7FFC2301CF80006D5006 /* AppDelegate.swift in Sources */,
				185F802F2301D413006D5006 /* ToDo.swift in Sources */,
			);
			runOnlyForDeploymentPostprocessing = 0;
		};
		185F800B2301CF84006D5006 /* Sources */ = {
			isa = PBXSourcesBuildPhase;
			buildActionMask = 2147483647;
			files = (
				185F80142301CF84006D5006 /* To_Do_ListTests.swift in Sources */,
			);
			runOnlyForDeploymentPostprocessing = 0;
		};
		185F80162301CF84006D5006 /* Sources */ = {
			isa = PBXSourcesBuildPhase;
			buildActionMask = 2147483647;
			files = (
				185F801F2301CF84006D5006 /* To_Do_ListUITests.swift in Sources */,
			);
			runOnlyForDeploymentPostprocessing = 0;
		};
/* End PBXSourcesBuildPhase section */

/* Begin PBXTargetDependency section */
		185F80112301CF84006D5006 /* PBXTargetDependency */ = {
			isa = PBXTargetDependency;
			target = 185F7FF72301CF80006D5006 /* To Do List */;
			targetProxy = 185F80102301CF84006D5006 /* PBXContainerItemProxy */;
		};
		185F801C2301CF84006D5006 /* PBXTargetDependency */ = {
			isa = PBXTargetDependency;
			target = 185F7FF72301CF80006D5006 /* To Do List */;
			targetProxy = 185F801B2301CF84006D5006 /* PBXContainerItemProxy */;
		};
/* End PBXTargetDependency section */

/* Begin PBXVariantGroup section */
		185F7FFF2301CF80006D5006 /* Main.storyboard */ = {
			isa = PBXVariantGroup;
			children = (
				185F80002301CF80006D5006 /* Base */,
			);
			name = Main.storyboard;
			sourceTree = "<group>";
		};
		185F80072301CF84006D5006 /* LaunchScreen.storyboard */ = {
			isa = PBXVariantGroup;
			children = (
				185F80082301CF84006D5006 /* Base */,
			);
			name = LaunchScreen.storyboard;
			sourceTree = "<group>";
		};
/* End PBXVariantGroup section */

/* Begin XCBuildConfiguration section */
		185F80212301CF84006D5006 /* Debug */ = {
			isa = XCBuildConfiguration;
			buildSettings = {
				ALWAYS_SEARCH_USER_PATHS = NO;
				CLANG_ANALYZER_NONNULL = YES;
				CLANG_ANALYZER_NUMBER_OBJECT_CONVERSION = YES_AGGRESSIVE;
				CLANG_CXX_LANGUAGE_STANDARD = "gnu++14";
				CLANG_CXX_LIBRARY = "libc++";
				CLANG_ENABLE_MODULES = YES;
				CLANG_ENABLE_OBJC_ARC = YES;
				CLANG_ENABLE_OBJC_WEAK = YES;
				CLANG_WARN_BLOCK_CAPTURE_AUTORELEASING = YES;
				CLANG_WARN_BOOL_CONVERSION = YES;
				CLANG_WARN_COMMA = YES;
				CLANG_WARN_CONSTANT_CONVERSION = YES;
				CLANG_WARN_DEPRECATED_OBJC_IMPLEMENTATIONS = YES;
				CLANG_WARN_DIRECT_OBJC_ISA_USAGE = YES_ERROR;
				CLANG_WARN_DOCUMENTATION_COMMENTS = YES;
				CLANG_WARN_EMPTY_BODY = YES;
				CLANG_WARN_ENUM_CONVERSION = YES;
				CLANG_WARN_INFINITE_RECURSION = YES;
				CLANG_WARN_INT_CONVERSION = YES;
				CLANG_WARN_NON_LITERAL_NULL_CONVERSION = YES;
				CLANG_WARN_OBJC_IMPLICIT_RETAIN_SELF = YES;
				CLANG_WARN_OBJC_LITERAL_CONVERSION = YES;
				CLANG_WARN_OBJC_ROOT_CLASS = YES_ERROR;
				CLANG_WARN_RANGE_LOOP_ANALYSIS = YES;
				CLANG_WARN_STRICT_PROTOTYPES = YES;
				CLANG_WARN_SUSPICIOUS_MOVE = YES;
				CLANG_WARN_UNGUARDED_AVAILABILITY = YES_AGGRESSIVE;
				CLANG_WARN_UNREACHABLE_CODE = YES;
				CLANG_WARN__DUPLICATE_METHOD_MATCH = YES;
				CODE_SIGN_IDENTITY = "iPhone Developer";
				COPY_PHASE_STRIP = NO;
				DEBUG_INFORMATION_FORMAT = dwarf;
				ENABLE_STRICT_OBJC_MSGSEND = YES;
				ENABLE_TESTABILITY = YES;
				GCC_C_LANGUAGE_STANDARD = gnu11;
				GCC_DYNAMIC_NO_PIC = NO;
				GCC_NO_COMMON_BLOCKS = YES;
				GCC_OPTIMIZATION_LEVEL = 0;
				GCC_PREPROCESSOR_DEFINITIONS = (
					"DEBUG=1",
					"$(inherited)",
				);
				GCC_WARN_64_TO_32_BIT_CONVERSION = YES;
				GCC_WARN_ABOUT_RETURN_TYPE = YES_ERROR;
				GCC_WARN_UNDECLARED_SELECTOR = YES;
				GCC_WARN_UNINITIALIZED_AUTOS = YES_AGGRESSIVE;
				GCC_WARN_UNUSED_FUNCTION = YES;
				GCC_WARN_UNUSED_VARIABLE = YES;
				IPHONEOS_DEPLOYMENT_TARGET = 12.2;
				MTL_ENABLE_DEBUG_INFO = INCLUDE_SOURCE;
				MTL_FAST_MATH = YES;
				ONLY_ACTIVE_ARCH = YES;
				SDKROOT = iphoneos;
				SWIFT_ACTIVE_COMPILATION_CONDITIONS = DEBUG;
				SWIFT_OPTIMIZATION_LEVEL = "-Onone";
			};
			name = Debug;
		};
		185F80222301CF84006D5006 /* Release */ = {
			isa = XCBuildConfiguration;
			buildSettings = {
				ALWAYS_SEARCH_USER_PATHS = NO;
				CLANG_ANALYZER_NONNULL = YES;
				CLANG_ANALYZER_NUMBER_OBJECT_CONVERSION = YES_AGGRESSIVE;
				CLANG_CXX_LANGUAGE_STANDARD = "gnu++14";
				CLANG_CXX_LIBRARY = "libc++";
				CLANG_ENABLE_MODULES = YES;
				CLANG_ENABLE_OBJC_ARC = YES;
				CLANG_ENABLE_OBJC_WEAK = YES;
				CLANG_WARN_BLOCK_CAPTURE_AUTORELEASING = YES;
				CLANG_WARN_BOOL_CONVERSION = YES;
				CLANG_WARN_COMMA = YES;
				CLANG_WARN_CONSTANT_CONVERSION = YES;
				CLANG_WARN_DEPRECATED_OBJC_IMPLEMENTATIONS = YES;
				CLANG_WARN_DIRECT_OBJC_ISA_USAGE = YES_ERROR;
				CLANG_WARN_DOCUMENTATION_COMMENTS = YES;
				CLANG_WARN_EMPTY_BODY = YES;
				CLANG_WARN_ENUM_CONVERSION = YES;
				CLANG_WARN_INFINITE_RECURSION = YES;
				CLANG_WARN_INT_CONVERSION = YES;
				CLANG_WARN_NON_LITERAL_NULL_CONVERSION = YES;
				CLANG_WARN_OBJC_IMPLICIT_RETAIN_SELF = YES;
				CLANG_WARN_OBJC_LITERAL_CONVERSION = YES;
				CLANG_WARN_OBJC_ROOT_CLASS = YES_ERROR;
				CLANG_WARN_RANGE_LOOP_ANALYSIS = YES;
				CLANG_WARN_STRICT_PROTOTYPES = YES;
				CLANG_WARN_SUSPICIOUS_MOVE = YES;
				CLANG_WARN_UNGUARDED_AVAILABILITY = YES_AGGRESSIVE;
				CLANG_WARN_UNREACHABLE_CODE = YES;
				CLANG_WARN__DUPLICATE_METHOD_MATCH = YES;
				CODE_SIGN_IDENTITY = "iPhone Developer";
				COPY_PHASE_STRIP = NO;
				DEBUG_INFORMATION_FORMAT = "dwarf-with-dsym";
				ENABLE_NS_ASSERTIONS = NO;
				ENABLE_STRICT_OBJC_MSGSEND = YES;
				GCC_C_LANGUAGE_STANDARD = gnu11;
				GCC_NO_COMMON_BLOCKS = YES;
				GCC_WARN_64_TO_32_BIT_CONVERSION = YES;
				GCC_WARN_ABOUT_RETURN_TYPE = YES_ERROR;
				GCC_WARN_UNDECLARED_SELECTOR = YES;
				GCC_WARN_UNINITIALIZED_AUTOS = YES_AGGRESSIVE;
				GCC_WARN_UNUSED_FUNCTION = YES;
				GCC_WARN_UNUSED_VARIABLE = YES;
				IPHONEOS_DEPLOYMENT_TARGET = 12.2;
				MTL_ENABLE_DEBUG_INFO = NO;
				MTL_FAST_MATH = YES;
				SDKROOT = iphoneos;
				SWIFT_COMPILATION_MODE = wholemodule;
				SWIFT_OPTIMIZATION_LEVEL = "-O";
				VALIDATE_PRODUCT = YES;
			};
			name = Release;
		};
		185F80242301CF84006D5006 /* Debug */ = {
			isa = XCBuildConfiguration;
			buildSettings = {
				ASSETCATALOG_COMPILER_APPICON_NAME = AppIcon;
				CODE_SIGN_STYLE = Automatic;
				INFOPLIST_FILE = "To Do List/Info.plist";
				LD_RUNPATH_SEARCH_PATHS = (
					"$(inherited)",
					"@executable_path/Frameworks",
				);
				PRODUCT_BUNDLE_IDENTIFIER = "abi.To-Do-List";
				PRODUCT_NAME = "$(TARGET_NAME)";
				SWIFT_VERSION = 5.0;
				TARGETED_DEVICE_FAMILY = "1,2";
			};
			name = Debug;
		};
		185F80252301CF84006D5006 /* Release */ = {
			isa = XCBuildConfiguration;
			buildSettings = {
				ASSETCATALOG_COMPILER_APPICON_NAME = AppIcon;
				CODE_SIGN_STYLE = Automatic;
				INFOPLIST_FILE = "To Do List/Info.plist";
				LD_RUNPATH_SEARCH_PATHS = (
					"$(inherited)",
					"@executable_path/Frameworks",
				);
				PRODUCT_BUNDLE_IDENTIFIER = "abi.To-Do-List";
				PRODUCT_NAME = "$(TARGET_NAME)";
				SWIFT_VERSION = 5.0;
				TARGETED_DEVICE_FAMILY = "1,2";
			};
			name = Release;
		};
		185F80272301CF84006D5006 /* Debug */ = {
			isa = XCBuildConfiguration;
			buildSettings = {
				ALWAYS_EMBED_SWIFT_STANDARD_LIBRARIES = YES;
				BUNDLE_LOADER = "$(TEST_HOST)";
				CODE_SIGN_STYLE = Automatic;
				INFOPLIST_FILE = "To Do ListTests/Info.plist";
				LD_RUNPATH_SEARCH_PATHS = (
					"$(inherited)",
					"@executable_path/Frameworks",
					"@loader_path/Frameworks",
				);
				PRODUCT_BUNDLE_IDENTIFIER = "abi.To-Do-ListTests";
				PRODUCT_NAME = "$(TARGET_NAME)";
				SWIFT_VERSION = 5.0;
				TARGETED_DEVICE_FAMILY = "1,2";
				TEST_HOST = "$(BUILT_PRODUCTS_DIR)/To Do List.app/To Do List";
			};
			name = Debug;
		};
		185F80282301CF84006D5006 /* Release */ = {
			isa = XCBuildConfiguration;
			buildSettings = {
				ALWAYS_EMBED_SWIFT_STANDARD_LIBRARIES = YES;
				BUNDLE_LOADER = "$(TEST_HOST)";
				CODE_SIGN_STYLE = Automatic;
				INFOPLIST_FILE = "To Do ListTests/Info.plist";
				LD_RUNPATH_SEARCH_PATHS = (
					"$(inherited)",
					"@executable_path/Frameworks",
					"@loader_path/Frameworks",
				);
				PRODUCT_BUNDLE_IDENTIFIER = "abi.To-Do-ListTests";
				PRODUCT_NAME = "$(TARGET_NAME)";
				SWIFT_VERSION = 5.0;
				TARGETED_DEVICE_FAMILY = "1,2";
				TEST_HOST = "$(BUILT_PRODUCTS_DIR)/To Do List.app/To Do List";
			};
			name = Release;
		};
		185F802A2301CF84006D5006 /* Debug */ = {
			isa = XCBuildConfiguration;
			buildSettings = {
				ALWAYS_EMBED_SWIFT_STANDARD_LIBRARIES = YES;
				CODE_SIGN_STYLE = Automatic;
				INFOPLIST_FILE = "To Do ListUITests/Info.plist";
				LD_RUNPATH_SEARCH_PATHS = (
					"$(inherited)",
					"@executable_path/Frameworks",
					"@loader_path/Frameworks",
				);
				PRODUCT_BUNDLE_IDENTIFIER = "abi.To-Do-ListUITests";
				PRODUCT_NAME = "$(TARGET_NAME)";
				SWIFT_VERSION = 5.0;
				TARGETED_DEVICE_FAMILY = "1,2";
				TEST_TARGET_NAME = "To Do List";
			};
			name = Debug;
		};
		185F802B2301CF84006D5006 /* Release */ = {
			isa = XCBuildConfiguration;
			buildSettings = {
				ALWAYS_EMBED_SWIFT_STANDARD_LIBRARIES = YES;
				CODE_SIGN_STYLE = Automatic;
				INFOPLIST_FILE = "To Do ListUITests/Info.plist";
				LD_RUNPATH_SEARCH_PATHS = (
					"$(inherited)",
					"@executable_path/Frameworks",
					"@loader_path/Frameworks",
				);
				PRODUCT_BUNDLE_IDENTIFIER = "abi.To-Do-ListUITests";
				PRODUCT_NAME = "$(TARGET_NAME)";
				SWIFT_VERSION = 5.0;
				TARGETED_DEVICE_FAMILY = "1,2";
				TEST_TARGET_NAME = "To Do List";
			};
			name = Release;
		};
/* End XCBuildConfiguration section */

/* Begin XCConfigurationList section */
		185F7FF32301CF80006D5006 /* Build configuration list for PBXProject "To Do List" */ = {
			isa = XCConfigurationList;
			buildConfigurations = (
				185F80212301CF84006D5006 /* Debug */,
				185F80222301CF84006D5006 /* Release */,
			);
			defaultConfigurationIsVisible = 0;
			defaultConfigurationName = Release;
		};
		185F80232301CF84006D5006 /* Build configuration list for PBXNativeTarget "To Do List" */ = {
			isa = XCConfigurationList;
			buildConfigurations = (
				185F80242301CF84006D5006 /* Debug */,
				185F80252301CF84006D5006 /* Release */,
			);
			defaultConfigurationIsVisible = 0;
			defaultConfigurationName = Release;
		};
		185F80262301CF84006D5006 /* Build configuration list for PBXNativeTarget "To Do ListTests" */ = {
			isa = XCConfigurationList;
			buildConfigurations = (
				185F80272301CF84006D5006 /* Debug */,
				185F80282301CF84006D5006 /* Release */,
			);
			defaultConfigurationIsVisible = 0;
			defaultConfigurationName = Release;
		};
		185F80292301CF84006D5006 /* Build configuration list for PBXNativeTarget "To Do ListUITests" */ = {
			isa = XCConfigurationList;
			buildConfigurations = (
				185F802A2301CF84006D5006 /* Debug */,
				185F802B2301CF84006D5006 /* Release */,
			);
			defaultConfigurationIsVisible = 0;
			defaultConfigurationName = Release;
		};
/* End XCConfigurationList section */

/* Begin XCVersionGroup section */
		185F80022301CF80006D5006 /* To_Do_List.xcdatamodeld */ = {
			isa = XCVersionGroup;
			children = (
				185F80032301CF80006D5006 /* To_Do_List.xcdatamodel */,
			);
			currentVersion = 185F80032301CF80006D5006 /* To_Do_List.xcdatamodel */;
			path = To_Do_List.xcdatamodeld;
			sourceTree = "<group>";
			versionGroupType = wrapper.xcdatamodel;
		};
/* End XCVersionGroup section */
	};
	rootObject = 185F7FF02301CF80006D5006 /* Project object */;
}
